
Microsoft Visual Studio Solution File, Format Version 12.00
# Visual Studio Version 16
VisualStudioVersion = 16.0.31005.135
MinimumVisualStudioVersion = 10.0.40219.1
Project("{FAE04EC0-301F-11D3-BF4B-00C04F79EFBC}") = "k173652_Q1", "k173652_Q1.csproj", "{DFBBCD49-9CAA-4455-9819-C472B438475E}"
EndProject
Project("{FAE04EC0-301F-11D3-BF4B-00C04F79EFBC}") = "k173652_Q2", "..\k173652_Q2\k173652_Q2.csproj", "{A7978827-3CCD-48A7-8023-35B95467CF7D}"
EndProject
Global
	GlobalSection(SolutionConfigurationPlatforms) = preSolution
		Debug|Any CPU = Debug|Any CPU
		Release|Any CPU = Release|Any CPU
	EndGlobalSection
	GlobalSection(ProjectConfigurationPlatforms) = postSolution
		{DFBBCD49-9CAA-4455-9819-C472B438475E}.Debug|Any CPU.ActiveCfg = Debug|Any CPU
		{DFBBCD49-9CAA-4455-9819-C472B438475E}.Debug|Any CPU.Build.0 = Debug|Any CPU
		{DFBBCD49-9CAA-4455-9819-C472B438475E}.Release|Any CPU.ActiveCfg = Release|Any CPU
		{DFBBCD49-9CAA-4455-9819-C472B438475E}.Release|Any CPU.Build.0 = Release|Any CPU
		{A7978827-3CCD-48A7-8023-35B95467CF7D}.Debug|Any CPU.ActiveCfg = Debug|Any CPU
		{A7978827-3CCD-48A7-8023-35B95467CF7D}.Debug|Any CPU.Build.0 = Debug|Any CPU
		{A7978827-3CCD-48A7-8023-35B95467CF7D}.Release|Any CPU.ActiveCfg = Release|Any CPU
		{A7978827-3CCD-48A7-8023-35B95467CF7D}.Release|Any CPU.Build.0 = Release|Any CPU
	EndGlobalSection
	GlobalSection(SolutionProperties) = preSolution
		HideSolutionNode = FALSE
	EndGlobalSection
	GlobalSection(ExtensibilityGlobals) = postSolution
		SolutionGuid = {11DB6A50-E092-43F7-9B27-8886E573D588}
	EndGlobalSection
EndGlobal
