
Microsoft Visual Studio Solution File, Format Version 12.00
# Visual Studio Version 16
VisualStudioVersion = 16.0.31005.135
MinimumVisualStudioVersion = 10.0.40219.1
Project("{9A19103F-16F7-4668-BE54-9A1E7A4F7556}") = "k173652_Q1", "k173652_Q1.csproj", "{DFBBCD49-9CAA-4455-9819-C472B438475E}"
EndProject
Project("{9A19103F-16F7-4668-BE54-9A1E7A4F7556}") = "k173652_Q2", "..\k173652_Q2\k173652_Q2.csproj", "{A7978827-3CCD-48A7-8023-35B95467CF7D}"
EndProject
Project("{FAE04EC0-301F-11D3-BF4B-00C04F79EFBC}") = "k173652_Q3", "..\k173652_Q3\k173652_Q3.csproj", "{AEECCEB3-84B5-4217-A2C7-D71AD57AB66D}"
EndProject
Project("{FAE04EC0-301F-11D3-BF4B-00C04F79EFBC}") = "k173652_Q4", "..\k173652_Q4\k173652_Q4.csproj", "{FB995E6D-79F8-4702-87D0-26AE781797F4}"
EndProject
Project("{FAE04EC0-301F-11D3-BF4B-00C04F79EFBC}") = "k173652_Q4.Tests", "k173652_Q4.Tests\k173652_Q4.Tests.csproj", "{D305A5FE-7216-40FB-A3F0-8B4851DCC84B}"
EndProject
Global
	GlobalSection(SolutionConfigurationPlatforms) = preSolution
		Debug|Any CPU = Debug|Any CPU
		Release|Any CPU = Release|Any CPU
	EndGlobalSection
	GlobalSection(ProjectConfigurationPlatforms) = postSolution
		{DFBBCD49-9CAA-4455-9819-C472B438475E}.Debug|Any CPU.ActiveCfg = Debug|Any CPU
		{DFBBCD49-9CAA-4455-9819-C472B438475E}.Debug|Any CPU.Build.0 = Debug|Any CPU
		{DFBBCD49-9CAA-4455-9819-C472B438475E}.Release|Any CPU.ActiveCfg = Release|Any CPU
		{DFBBCD49-9CAA-4455-9819-C472B438475E}.Release|Any CPU.Build.0 = Release|Any CPU
		{A7978827-3CCD-48A7-8023-35B95467CF7D}.Debug|Any CPU.ActiveCfg = Debug|Any CPU
		{A7978827-3CCD-48A7-8023-35B95467CF7D}.Debug|Any CPU.Build.0 = Debug|Any CPU
		{A7978827-3CCD-48A7-8023-35B95467CF7D}.Release|Any CPU.ActiveCfg = Release|Any CPU
		{A7978827-3CCD-48A7-8023-35B95467CF7D}.Release|Any CPU.Build.0 = Release|Any CPU
		{AEECCEB3-84B5-4217-A2C7-D71AD57AB66D}.Debug|Any CPU.ActiveCfg = Debug|Any CPU
		{AEECCEB3-84B5-4217-A2C7-D71AD57AB66D}.Debug|Any CPU.Build.0 = Debug|Any CPU
		{AEECCEB3-84B5-4217-A2C7-D71AD57AB66D}.Release|Any CPU.ActiveCfg = Release|Any CPU
		{AEECCEB3-84B5-4217-A2C7-D71AD57AB66D}.Release|Any CPU.Build.0 = Release|Any CPU
		{FB995E6D-79F8-4702-87D0-26AE781797F4}.Debug|Any CPU.ActiveCfg = Debug|Any CPU
		{FB995E6D-79F8-4702-87D0-26AE781797F4}.Debug|Any CPU.Build.0 = Debug|Any CPU
		{FB995E6D-79F8-4702-87D0-26AE781797F4}.Release|Any CPU.ActiveCfg = Release|Any CPU
		{FB995E6D-79F8-4702-87D0-26AE781797F4}.Release|Any CPU.Build.0 = Release|Any CPU
		{D305A5FE-7216-40FB-A3F0-8B4851DCC84B}.Debug|Any CPU.ActiveCfg = Debug|Any CPU
		{D305A5FE-7216-40FB-A3F0-8B4851DCC84B}.Debug|Any CPU.Build.0 = Debug|Any CPU
		{D305A5FE-7216-40FB-A3F0-8B4851DCC84B}.Release|Any CPU.ActiveCfg = Release|Any CPU
		{D305A5FE-7216-40FB-A3F0-8B4851DCC84B}.Release|Any CPU.Build.0 = Release|Any CPU
	EndGlobalSection
	GlobalSection(SolutionProperties) = preSolution
		HideSolutionNode = FALSE
	EndGlobalSection
	GlobalSection(ExtensibilityGlobals) = postSolution
		SolutionGuid = {11DB6A50-E092-43F7-9B27-8886E573D588}
	EndGlobalSection
EndGlobal
